// !$*UTF8*$!
{
	archiveVersion = 1;
	classes = {
	};
	objectVersion = 46;
	objects = {

/* Begin PBXBuildFile section */
		025F5AF11E561ABE0060839D /* AppDelegate.swift in Sources */ = {isa = PBXBuildFile; fileRef = 025F5AF01E561ABE0060839D /* AppDelegate.swift */; };
		025F5AF31E561ABE0060839D /* ViewController.swift in Sources */ = {isa = PBXBuildFile; fileRef = 025F5AF21E561ABE0060839D /* ViewController.swift */; };
		025F5AF61E561ABE0060839D /* Main.storyboard in Resources */ = {isa = PBXBuildFile; fileRef = 025F5AF41E561ABE0060839D /* Main.storyboard */; };
		025F5AF81E561ABE0060839D /* Assets.xcassets in Resources */ = {isa = PBXBuildFile; fileRef = 025F5AF71E561ABE0060839D /* Assets.xcassets */; };
		025F5AFB1E561ABE0060839D /* LaunchScreen.storyboard in Resources */ = {isa = PBXBuildFile; fileRef = 025F5AF91E561ABE0060839D /* LaunchScreen.storyboard */; };
/* End PBXBuildFile section */

/* Begin PBXFileReference section */
		025F5AED1E561ABE0060839D /* Device Status.app */ = {isa = PBXFileReference; explicitFileType = wrapper.application; includeInIndex = 0; path = "Device Status.app"; sourceTree = BUILT_PRODUCTS_DIR; };
		025F5AF01E561ABE0060839D /* AppDelegate.swift */ = {isa = PBXFileReference; lastKnownFileType = sourcecode.swift; path = AppDelegate.swift; sourceTree = "<group>"; };
		025F5AF21E561ABE0060839D /* ViewController.swift */ = {isa = PBXFileReference; lastKnownFileType = sourcecode.swift; path = ViewController.swift; sourceTree = "<group>"; };
		025F5AF51E561ABE0060839D /* Base */ = {isa = PBXFileReference; lastKnownFileType = file.storyboard; name = Base; path = Base.lproj/Main.storyboard; sourceTree = "<group>"; };
		025F5AF71E561ABE0060839D /* Assets.xcassets */ = {isa = PBXFileReference; lastKnownFileType = folder.assetcatalog; path = Assets.xcassets; sourceTree = "<group>"; };
		025F5AFA1E561ABE0060839D /* Base */ = {isa = PBXFileReference; lastKnownFileType = file.storyboard; name = Base; path = Base.lproj/LaunchScreen.storyboard; sourceTree = "<group>"; };
		025F5AFC1E561ABE0060839D /* Info.plist */ = {isa = PBXFileReference; lastKnownFileType = text.plist.xml; path = Info.plist; sourceTree = "<group>"; };
/* End PBXFileReference section */

/* Begin PBXFrameworksBuildPhase section */
		025F5AEA1E561ABE0060839D /* Frameworks */ = {
			isa = PBXFrameworksBuildPhase;
			buildActionMask = 2147483647;
			files = (
			);
			runOnlyForDeploymentPostprocessing = 0;
		};
/* End PBXFrameworksBuildPhase section */

/* Begin PBXGroup section */
		025F5AE41E561ABE0060839D = {
			isa = PBXGroup;
			children = (
				025F5AEF1E561ABE0060839D /* Device Status */,
				025F5AEE1E561ABE0060839D /* Products */,
			);
			sourceTree = "<group>";
		};
		025F5AEE1E561ABE0060839D /* Products */ = {
			isa = PBXGroup;
			children = (
				025F5AED1E561ABE0060839D /* Device Status.app */,
			);
			name = Products;
			sourceTree = "<group>";
		};
		025F5AEF1E561ABE0060839D /* Device Status */ = {
			isa = PBXGroup;
			children = (
				025F5AF01E561ABE0060839D /* AppDelegate.swift */,
				025F5AF21E561ABE0060839D /* ViewController.swift */,
				025F5AF41E561ABE0060839D /* Main.storyboard */,
				025F5AF71E561ABE0060839D /* Assets.xcassets */,
				025F5AF91E561ABE0060839D /* LaunchScreen.storyboard */,
				025F5AFC1E561ABE0060839D /* Info.plist */,
			);
			path = "Device Status";
			sourceTree = "<group>";
		};
/* End PBXGroup section */

/* Begin PBXNativeTarget section */
		025F5AEC1E561ABE0060839D /* Device Status */ = {
			isa = PBXNativeTarget;
			buildConfigurationList = 025F5AFF1E561ABE0060839D /* Build configuration list for PBXNativeTarget "Device Status" */;
			buildPhases = (
				025F5AE91E561ABE0060839D /* Sources */,
				025F5AEA1E561ABE0060839D /* Frameworks */,
				025F5AEB1E561ABE0060839D /* Resources */,
			);
			buildRules = (
			);
			dependencies = (
			);
			name = "Device Status";
			productName = "Device Status";
			productReference = 025F5AED1E561ABE0060839D /* Device Status.app */;
			productType = "com.apple.product-type.application";
		};
/* End PBXNativeTarget section */

/* Begin PBXProject section */
		025F5AE51E561ABE0060839D /* Project object */ = {
			isa = PBXProject;
			attributes = {
				LastSwiftUpdateCheck = 0820;
				LastUpgradeCheck = 0820;
				ORGANIZATIONNAME = "Mark Sherriff";
				TargetAttributes = {
					025F5AEC1E561ABE0060839D = {
						CreatedOnToolsVersion = 8.2;
						DevelopmentTeam = M25SR6J6SX;
						ProvisioningStyle = Automatic;
					};
				};
			};
			buildConfigurationList = 025F5AE81E561ABE0060839D /* Build configuration list for PBXProject "Device Status" */;
			compatibilityVersion = "Xcode 3.2";
			developmentRegion = English;
			hasScannedForEncodings = 0;
			knownRegions = (
				en,
				Base,
			);
			mainGroup = 025F5AE41E561ABE0060839D;
			productRefGroup = 025F5AEE1E561ABE0060839D /* Products */;
			projectDirPath = "";
			projectRoot = "";
			targets = (
				025F5AEC1E561ABE0060839D /* Device Status */,
			);
		};
/* End PBXProject section */

/* Begin PBXResourcesBuildPhase section */
		025F5AEB1E561ABE0060839D /* Resources */ = {
			isa = PBXResourcesBuildPhase;
			buildActionMask = 2147483647;
			files = (
				025F5AFB1E561ABE0060839D /* LaunchScreen.storyboard in Resources */,
				025F5AF81E561ABE0060839D /* Assets.xcassets in Resources */,
				025F5AF61E561ABE0060839D /* Main.storyboard in Resources */,
			);
			runOnlyForDeploymentPostprocessing = 0;
		};
/* End PBXResourcesBuildPhase section */

/* Begin PBXSourcesBuildPhase section */
		025F5AE91E561ABE0060839D /* Sources */ = {
			isa = PBXSourcesBuildPhase;
			buildActionMask = 2147483647;
			files = (
				025F5AF31E561ABE0060839D /* ViewController.swift in Sources */,
				025F5AF11E561ABE0060839D /* AppDelegate.swift in Sources */,
			);
			runOnlyForDeploymentPostprocessing = 0;
		};
/* End PBXSourcesBuildPhase section */

/* Begin PBXVariantGroup section */
		025F5AF41E561ABE0060839D /* Main.storyboard */ = {
			isa = PBXVariantGroup;
			children = (
				025F5AF51E561ABE0060839D /* Base */,
			);
			name = Main.storyboard;
			sourceTree = "<group>";
		};
		025F5AF91E561ABE0060839D /* LaunchScreen.storyboard */ = {
			isa = PBXVariantGroup;
			children = (
				025F5AFA1E561ABE0060839D /* Base */,
			);
			name = LaunchScreen.storyboard;
			sourceTree = "<group>";
		};
/* End PBXVariantGroup section */

/* Begin XCBuildConfiguration section */
		025F5AFD1E561ABE0060839D /* Debug */ = {
			isa = XCBuildConfiguration;
			buildSettings = {
				ALWAYS_SEARCH_USER_PATHS = NO;
				CLANG_ANALYZER_NONNULL = YES;
				CLANG_CXX_LANGUAGE_STANDARD = "gnu++0x";
				CLANG_CXX_LIBRARY = "libc++";
				CLANG_ENABLE_MODULES = YES;
				CLANG_ENABLE_OBJC_ARC = YES;
				CLANG_WARN_BOOL_CONVERSION = YES;
				CLANG_WARN_CONSTANT_CONVERSION = YES;
				CLANG_WARN_DIRECT_OBJC_ISA_USAGE = YES_ERROR;
				CLANG_WARN_DOCUMENTATION_COMMENTS = YES;
				CLANG_WARN_EMPTY_BODY = YES;
				CLANG_WARN_ENUM_CONVERSION = YES;
				CLANG_WARN_INFINITE_RECURSION = YES;
				CLANG_WARN_INT_CONVERSION = YES;
				CLANG_WARN_OBJC_ROOT_CLASS = YES_ERROR;
				CLANG_WARN_SUSPICIOUS_MOVE = YES;
				CLANG_WARN_UNREACHABLE_CODE = YES;
				CLANG_WARN__DUPLICATE_METHOD_MATCH = YES;
				"CODE_SIGN_IDENTITY[sdk=iphoneos*]" = "iPhone Developer";
				COPY_PHASE_STRIP = NO;
				DEBUG_INFORMATION_FORMAT = dwarf;
				ENABLE_STRICT_OBJC_MSGSEND = YES;
				ENABLE_TESTABILITY = YES;
				GCC_C_LANGUAGE_STANDARD = gnu99;
				GCC_DYNAMIC_NO_PIC = NO;
				GCC_NO_COMMON_BLOCKS = YES;
				GCC_OPTIMIZATION_LEVEL = 0;
				GCC_PREPROCESSOR_DEFINITIONS = (
					"DEBUG=1",
					"$(inherited)",
				);
				GCC_WARN_64_TO_32_BIT_CONVERSION = YES;
				GCC_WARN_ABOUT_RETURN_TYPE = YES_ERROR;
				GCC_WARN_UNDECLARED_SELECTOR = YES;
				GCC_WARN_UNINITIALIZED_AUTOS = YES_AGGRESSIVE;
				GCC_WARN_UNUSED_FUNCTION = YES;
				GCC_WARN_UNUSED_VARIABLE = YES;
				IPHONEOS_DEPLOYMENT_TARGET = 10.2;
				MTL_ENABLE_DEBUG_INFO = YES;
				ONLY_ACTIVE_ARCH = YES;
				SDKROOT = iphoneos;
				SWIFT_ACTIVE_COMPILATION_CONDITIONS = DEBUG;
				SWIFT_OPTIMIZATION_LEVEL = "-Onone";
				TARGETED_DEVICE_FAMILY = "1,2";
			};
			name = Debug;
		};
		025F5AFE1E561ABE0060839D /* Release */ = {
			isa = XCBuildConfiguration;
			buildSettings = {
				ALWAYS_SEARCH_USER_PATHS = NO;
				CLANG_ANALYZER_NONNULL = YES;
				CLANG_CXX_LANGUAGE_STANDARD = "gnu++0x";
				CLANG_CXX_LIBRARY = "libc++";
				CLANG_ENABLE_MODULES = YES;
				CLANG_ENABLE_OBJC_ARC = YES;
				CLANG_WARN_BOOL_CONVERSION = YES;
				CLANG_WARN_CONSTANT_CONVERSION = YES;
				CLANG_WARN_DIRECT_OBJC_ISA_USAGE = YES_ERROR;
				CLANG_WARN_DOCUMENTATION_COMMENTS = YES;
				CLANG_WARN_EMPTY_BODY = YES;
				CLANG_WARN_ENUM_CONVERSION = YES;
				CLANG_WARN_INFINITE_RECURSION = YES;
				CLANG_WARN_INT_CONVERSION = YES;
				CLANG_WARN_OBJC_ROOT_CLASS = YES_ERROR;
				CLANG_WARN_SUSPICIOUS_MOVE = YES;
				CLANG_WARN_UNREACHABLE_CODE = YES;
				CLANG_WARN__DUPLICATE_METHOD_MATCH = YES;
				"CODE_SIGN_IDENTITY[sdk=iphoneos*]" = "iPhone Developer";
				COPY_PHASE_STRIP = NO;
				DEBUG_INFORMATION_FORMAT = "dwarf-with-dsym";
				ENABLE_NS_ASSERTIONS = NO;
				ENABLE_STRICT_OBJC_MSGSEND = YES;
				GCC_C_LANGUAGE_STANDARD = gnu99;
				GCC_NO_COMMON_BLOCKS = YES;
				GCC_WARN_64_TO_32_BIT_CONVERSION = YES;
				GCC_WARN_ABOUT_RETURN_TYPE = YES_ERROR;
				GCC_WARN_UNDECLARED_SELECTOR = YES;
				GCC_WARN_UNINITIALIZED_AUTOS = YES_AGGRESSIVE;
				GCC_WARN_UNUSED_FUNCTION = YES;
				GCC_WARN_UNUSED_VARIABLE = YES;
				IPHONEOS_DEPLOYMENT_TARGET = 10.2;
				MTL_ENABLE_DEBUG_INFO = NO;
				SDKROOT = iphoneos;
				SWIFT_OPTIMIZATION_LEVEL = "-Owholemodule";
				TARGETED_DEVICE_FAMILY = "1,2";
				VALIDATE_PRODUCT = YES;
			};
			name = Release;
		};
		025F5B001E561ABE0060839D /* Debug */ = {
			isa = XCBuildConfiguration;
			buildSettings = {
				ASSETCATALOG_COMPILER_APPICON_NAME = AppIcon;
				DEVELOPMENT_TEAM = M25SR6J6SX;
				INFOPLIST_FILE = "Device Status/Info.plist";
				LD_RUNPATH_SEARCH_PATHS = "$(inherited) @executable_path/Frameworks";
				PRODUCT_BUNDLE_IDENTIFIER = "edu.virginia.cs.cs4720.Device-Status";
				PRODUCT_NAME = "$(TARGET_NAME)";
				SWIFT_VERSION = 3.0;
			};
			name = Debug;
		};
		025F5B011E561ABE0060839D /* Release */ = {
			isa = XCBuildConfiguration;
			buildSettings = {
				ASSETCATALOG_COMPILER_APPICON_NAME = AppIcon;
				DEVELOPMENT_TEAM = M25SR6J6SX;
				INFOPLIST_FILE = "Device Status/Info.plist";
				LD_RUNPATH_SEARCH_PATHS = "$(inherited) @executable_path/Frameworks";
				PRODUCT_BUNDLE_IDENTIFIER = "edu.virginia.cs.cs4720.Device-Status";
				PRODUCT_NAME = "$(TARGET_NAME)";
				SWIFT_VERSION = 3.0;
			};
			name = Release;
		};
/* End XCBuildConfiguration section */

/* Begin XCConfigurationList section */
		025F5AE81E561ABE0060839D /* Build configuration list for PBXProject "Device Status" */ = {
			isa = XCConfigurationList;
			buildConfigurations = (
				025F5AFD1E561ABE0060839D /* Debug */,
				025F5AFE1E561ABE0060839D /* Release */,
			);
			defaultConfigurationIsVisible = 0;
			defaultConfigurationName = Release;
		};
		025F5AFF1E561ABE0060839D /* Build configuration list for PBXNativeTarget "Device Status" */ = {
			isa = XCConfigurationList;
			buildConfigurations = (
				025F5B001E561ABE0060839D /* Debug */,
				025F5B011E561ABE0060839D /* Release */,
			);
			defaultConfigurationIsVisible = 0;
		};
/* End XCConfigurationList section */
	};
	rootObject = 025F5AE51E561ABE0060839D /* Project object */;
}
